
Microsoft Visual Studio Solution File, Format Version 12.00
# Visual Studio Version 17
VisualStudioVersion = 17.11.35303.130
MinimumVisualStudioVersion = 10.0.40219.1
Project("{2150E333-8FDC-42A3-9474-1A3956D46DE8}") = "Task0", "Task0", "{0E8B5053-3D82-4244-8C94-10422BB1BCE1}"
EndProject
Project("{9A19103F-16F7-4668-BE54-9A1E7A4F7556}") = "Tyuiu.SeledkovNP.Sprint1.Task0.V28", "Tyuiu.SeledkovNP.Sprint1.Task0.V28\Tyuiu.SeledkovNP.Sprint1.Task0.V28.csproj", "{4853FFDA-B364-47B2-A71C-02382054742D}"
EndProject
Project("{9A19103F-16F7-4668-BE54-9A1E7A4F7556}") = "Tyuiu.SeledkovNP.Sprint1.Task0.V28.Lib", "Tyuiu.SeledkovNP.Sprint1.Task0.V28.Lib\Tyuiu.SeledkovNP.Sprint1.Task0.V28.Lib.csproj", "{A0EAC4C4-DA8F-408A-9767-DB9E11CAAF57}"
EndProject
Project("{9A19103F-16F7-4668-BE54-9A1E7A4F7556}") = "Tyuiu.SeledkovNP.Sprint1.Task0.V28.Test", "Tyuiu.SeledkovNP.Sprint1.Task0.V28.Test\Tyuiu.SeledkovNP.Sprint1.Task0.V28.Test.csproj", "{536E2E28-2AA1-41BE-B4A9-38C48D97DEA1}"
EndProject
Project("{2150E333-8FDC-42A3-9474-1A3956D46DE8}") = "Task1", "Task1", "{1F486586-6D12-47BE-ADC2-97D91F34B3C8}"
EndProject
Project("{9A19103F-16F7-4668-BE54-9A1E7A4F7556}") = "Tyuiu.SeledkovNP.Sprint1.Task1.V6", "Tyuiu.SeledkovNP.Sprint1.Task1.V6\Tyuiu.SeledkovNP.Sprint1.Task1.V6.csproj", "{9DAB4170-901F-4A5B-A516-8C18401C2932}"
EndProject
Project("{9A19103F-16F7-4668-BE54-9A1E7A4F7556}") = "Tyuiu.SeledkovNP.Sprint1.Task1.V6.Lib", "Tyuiu.SeledkovNP.Sprint1.Task1.V6.Lib\Tyuiu.SeledkovNP.Sprint1.Task1.V6.Lib.csproj", "{10B1EC90-463F-4A5A-97DE-21607A8ACC0C}"
EndProject
Project("{9A19103F-16F7-4668-BE54-9A1E7A4F7556}") = "Tyuiu.SeledkovNP.Sprint1.Task1.V6.Test", "Tyuiu.SeledkovNP.Sprint1.Task1.V6.Test\Tyuiu.SeledkovNP.Sprint1.Task1.V6.Test.csproj", "{C46880E8-F832-4D2B-AF3B-9E7F48DC8F3A}"
EndProject
Project("{2150E333-8FDC-42A3-9474-1A3956D46DE8}") = "Task2", "Task2", "{DA11D399-855B-48D0-AD17-A80610DBF93B}"
EndProject
Project("{9A19103F-16F7-4668-BE54-9A1E7A4F7556}") = "Tyuiu.SeledkovNP.Sprint1.Task2.V24", "Tyuiu.SeledkovNP.Sprint1.Task2.V24\Tyuiu.SeledkovNP.Sprint1.Task2.V24.csproj", "{613C48EC-2EF9-45FF-935A-F62AD9A5586B}"
EndProject
Project("{9A19103F-16F7-4668-BE54-9A1E7A4F7556}") = "Tyuiu.SeledkovNP.Sprint1.Task2.V24.Lib", "Tyuiu.SeledkovNP.Sprint1.Task2.V24.Lib\Tyuiu.SeledkovNP.Sprint1.Task2.V24.Lib.csproj", "{CEA94A10-1E48-40A1-A1E1-D8B7D0064475}"
EndProject
Project("{9A19103F-16F7-4668-BE54-9A1E7A4F7556}") = "Tyuiu.SeledkovNP.Sprint1.Task2.V24.Test", "Tyuiu.SeledkovNP.Sprint1.Task2.V24.Test\Tyuiu.SeledkovNP.Sprint1.Task2.V24.Test.csproj", "{B394F838-D083-446D-B0C0-658AB0F7E745}"
EndProject
Project("{2150E333-8FDC-42A3-9474-1A3956D46DE8}") = "Task3", "Task3", "{2193C2B0-3D53-40AA-A3A9-9F0F62207C85}"
EndProject
Project("{9A19103F-16F7-4668-BE54-9A1E7A4F7556}") = "Tyuiu.SeledkovNP.Sprint1.Task3.V3.Test", "Tyuiu.SeledkovNP.Sprint1.Task3.V3.Test\Tyuiu.SeledkovNP.Sprint1.Task3.V3.Test.csproj", "{E32054A8-32C7-4E4D-823E-8E592C7869C7}"
EndProject
Project("{9A19103F-16F7-4668-BE54-9A1E7A4F7556}") = "Tyuiu.SeledkovNP.Sprint1.Task3.V3.Lib", "Tyuiu.SeledkovNP.Sprint1.Task3.V3.Lib\Tyuiu.SeledkovNP.Sprint1.Task3.V3.Lib.csproj", "{0112E097-1F04-4AD1-B6BE-415F22200971}"
EndProject
Project("{9A19103F-16F7-4668-BE54-9A1E7A4F7556}") = "Tyuiu.SeledkovNP.Sprint1.Task3.V3", "Tyuiu.SeledkovNP.Sprint1.Task3.V3\Tyuiu.SeledkovNP.Sprint1.Task3.V3.csproj", "{DB1E5036-E972-4C83-9D42-D4EDEA2597F8}"
EndProject
Project("{2150E333-8FDC-42A3-9474-1A3956D46DE8}") = "Task4", "Task4", "{E7767FCF-84FF-4273-A1A7-25063841DFF0}"
EndProject
Project("{9A19103F-16F7-4668-BE54-9A1E7A4F7556}") = "Tyuiu.SeledkovNP.Sprint1.Task4.V27", "Tyuiu.SeledkovNP.Sprint1.Task4.V27\Tyuiu.SeledkovNP.Sprint1.Task4.V27.csproj", "{30C3DE76-45FD-463C-B607-F34CAC202993}"
EndProject
Project("{9A19103F-16F7-4668-BE54-9A1E7A4F7556}") = "Tyuiu.SeledkovNP.Sprint1.Task4.V27.Lib", "Tyuiu.SeledkovNP.Sprint1.Task4.V27.Lib\Tyuiu.SeledkovNP.Sprint1.Task4.V27.Lib.csproj", "{E86645C0-FBB3-467F-ABA8-705401945FC2}"
EndProject
Project("{9A19103F-16F7-4668-BE54-9A1E7A4F7556}") = "Tyuiu.SeledkovNP.Sprint1.Task4.V27.Test", "Tyuiu.SeledkovNP.Sprint1.Task4.V27.Test\Tyuiu.SeledkovNP.Sprint1.Task4.V27.Test.csproj", "{665D529A-6E93-47DC-BB4F-ABCA844BBE5C}"
EndProject
Project("{2150E333-8FDC-42A3-9474-1A3956D46DE8}") = "Task5", "Task5", "{47C9D3E3-95E3-4C9A-B419-F0534CAB2B17}"
EndProject
Project("{FAE04EC0-301F-11D3-BF4B-00C04F79EFBC}") = "Tyuiu.SeledkovNP.Sprint1.Task5.V6", "Tyuiu.SeledkovNP.Sprint1.Task5.V6\Tyuiu.SeledkovNP.Sprint1.Task5.V6.csproj", "{59551E5F-774E-429C-BD39-75FF3A664B9F}"
EndProject
Project("{FAE04EC0-301F-11D3-BF4B-00C04F79EFBC}") = "Tyuiu.SeledkovNP.Sprint1.Task5.V6.Lib", "Tyuiu.SeledkovNP.Sprint1.Task5.V6.Lib\Tyuiu.SeledkovNP.Sprint1.Task5.V6.Lib.csproj", "{6D7A3DD8-7834-4C3F-BFFF-1A00A6F4A777}"
EndProject
Project("{FAE04EC0-301F-11D3-BF4B-00C04F79EFBC}") = "Tyuiu.SeledkovNP.Sprint1.Task5.V6.Test", "Tyuiu.SeledkovNP.Sprint1.Task5.V6.Test\Tyuiu.SeledkovNP.Sprint1.Task5.V6.Test.csproj", "{EB8DEC7D-22E8-47ED-A650-D000C000C861}"
EndProject
Global
	GlobalSection(SolutionConfigurationPlatforms) = preSolution
		Debug|Any CPU = Debug|Any CPU
		Release|Any CPU = Release|Any CPU
	EndGlobalSection
	GlobalSection(ProjectConfigurationPlatforms) = postSolution
		{4853FFDA-B364-47B2-A71C-02382054742D}.Debug|Any CPU.ActiveCfg = Debug|Any CPU
		{4853FFDA-B364-47B2-A71C-02382054742D}.Debug|Any CPU.Build.0 = Debug|Any CPU
		{4853FFDA-B364-47B2-A71C-02382054742D}.Release|Any CPU.ActiveCfg = Release|Any CPU
		{4853FFDA-B364-47B2-A71C-02382054742D}.Release|Any CPU.Build.0 = Release|Any CPU
		{A0EAC4C4-DA8F-408A-9767-DB9E11CAAF57}.Debug|Any CPU.ActiveCfg = Debug|Any CPU
		{A0EAC4C4-DA8F-408A-9767-DB9E11CAAF57}.Debug|Any CPU.Build.0 = Debug|Any CPU
		{A0EAC4C4-DA8F-408A-9767-DB9E11CAAF57}.Release|Any CPU.ActiveCfg = Release|Any CPU
		{A0EAC4C4-DA8F-408A-9767-DB9E11CAAF57}.Release|Any CPU.Build.0 = Release|Any CPU
		{536E2E28-2AA1-41BE-B4A9-38C48D97DEA1}.Debug|Any CPU.ActiveCfg = Debug|Any CPU
		{536E2E28-2AA1-41BE-B4A9-38C48D97DEA1}.Debug|Any CPU.Build.0 = Debug|Any CPU
		{536E2E28-2AA1-41BE-B4A9-38C48D97DEA1}.Release|Any CPU.ActiveCfg = Release|Any CPU
		{536E2E28-2AA1-41BE-B4A9-38C48D97DEA1}.Release|Any CPU.Build.0 = Release|Any CPU
		{9DAB4170-901F-4A5B-A516-8C18401C2932}.Debug|Any CPU.ActiveCfg = Debug|Any CPU
		{9DAB4170-901F-4A5B-A516-8C18401C2932}.Debug|Any CPU.Build.0 = Debug|Any CPU
		{9DAB4170-901F-4A5B-A516-8C18401C2932}.Release|Any CPU.ActiveCfg = Release|Any CPU
		{9DAB4170-901F-4A5B-A516-8C18401C2932}.Release|Any CPU.Build.0 = Release|Any CPU
		{10B1EC90-463F-4A5A-97DE-21607A8ACC0C}.Debug|Any CPU.ActiveCfg = Debug|Any CPU
		{10B1EC90-463F-4A5A-97DE-21607A8ACC0C}.Debug|Any CPU.Build.0 = Debug|Any CPU
		{10B1EC90-463F-4A5A-97DE-21607A8ACC0C}.Release|Any CPU.ActiveCfg = Release|Any CPU
		{10B1EC90-463F-4A5A-97DE-21607A8ACC0C}.Release|Any CPU.Build.0 = Release|Any CPU
		{C46880E8-F832-4D2B-AF3B-9E7F48DC8F3A}.Debug|Any CPU.ActiveCfg = Debug|Any CPU
		{C46880E8-F832-4D2B-AF3B-9E7F48DC8F3A}.Debug|Any CPU.Build.0 = Debug|Any CPU
		{C46880E8-F832-4D2B-AF3B-9E7F48DC8F3A}.Release|Any CPU.ActiveCfg = Release|Any CPU
		{C46880E8-F832-4D2B-AF3B-9E7F48DC8F3A}.Release|Any CPU.Build.0 = Release|Any CPU
		{613C48EC-2EF9-45FF-935A-F62AD9A5586B}.Debug|Any CPU.ActiveCfg = Debug|Any CPU
		{613C48EC-2EF9-45FF-935A-F62AD9A5586B}.Debug|Any CPU.Build.0 = Debug|Any CPU
		{613C48EC-2EF9-45FF-935A-F62AD9A5586B}.Release|Any CPU.ActiveCfg = Release|Any CPU
		{613C48EC-2EF9-45FF-935A-F62AD9A5586B}.Release|Any CPU.Build.0 = Release|Any CPU
		{CEA94A10-1E48-40A1-A1E1-D8B7D0064475}.Debug|Any CPU.ActiveCfg = Debug|Any CPU
		{CEA94A10-1E48-40A1-A1E1-D8B7D0064475}.Debug|Any CPU.Build.0 = Debug|Any CPU
		{CEA94A10-1E48-40A1-A1E1-D8B7D0064475}.Release|Any CPU.ActiveCfg = Release|Any CPU
		{CEA94A10-1E48-40A1-A1E1-D8B7D0064475}.Release|Any CPU.Build.0 = Release|Any CPU
		{B394F838-D083-446D-B0C0-658AB0F7E745}.Debug|Any CPU.ActiveCfg = Debug|Any CPU
		{B394F838-D083-446D-B0C0-658AB0F7E745}.Debug|Any CPU.Build.0 = Debug|Any CPU
		{B394F838-D083-446D-B0C0-658AB0F7E745}.Release|Any CPU.ActiveCfg = Release|Any CPU
		{B394F838-D083-446D-B0C0-658AB0F7E745}.Release|Any CPU.Build.0 = Release|Any CPU
		{E32054A8-32C7-4E4D-823E-8E592C7869C7}.Debug|Any CPU.ActiveCfg = Debug|Any CPU
		{E32054A8-32C7-4E4D-823E-8E592C7869C7}.Debug|Any CPU.Build.0 = Debug|Any CPU
		{E32054A8-32C7-4E4D-823E-8E592C7869C7}.Release|Any CPU.ActiveCfg = Release|Any CPU
		{E32054A8-32C7-4E4D-823E-8E592C7869C7}.Release|Any CPU.Build.0 = Release|Any CPU
		{0112E097-1F04-4AD1-B6BE-415F22200971}.Debug|Any CPU.ActiveCfg = Debug|Any CPU
		{0112E097-1F04-4AD1-B6BE-415F22200971}.Debug|Any CPU.Build.0 = Debug|Any CPU
		{0112E097-1F04-4AD1-B6BE-415F22200971}.Release|Any CPU.ActiveCfg = Release|Any CPU
		{0112E097-1F04-4AD1-B6BE-415F22200971}.Release|Any CPU.Build.0 = Release|Any CPU
		{DB1E5036-E972-4C83-9D42-D4EDEA2597F8}.Debug|Any CPU.ActiveCfg = Debug|Any CPU
		{DB1E5036-E972-4C83-9D42-D4EDEA2597F8}.Debug|Any CPU.Build.0 = Debug|Any CPU
		{DB1E5036-E972-4C83-9D42-D4EDEA2597F8}.Release|Any CPU.ActiveCfg = Release|Any CPU
		{DB1E5036-E972-4C83-9D42-D4EDEA2597F8}.Release|Any CPU.Build.0 = Release|Any CPU
		{30C3DE76-45FD-463C-B607-F34CAC202993}.Debug|Any CPU.ActiveCfg = Debug|Any CPU
		{30C3DE76-45FD-463C-B607-F34CAC202993}.Debug|Any CPU.Build.0 = Debug|Any CPU
		{30C3DE76-45FD-463C-B607-F34CAC202993}.Release|Any CPU.ActiveCfg = Release|Any CPU
		{30C3DE76-45FD-463C-B607-F34CAC202993}.Release|Any CPU.Build.0 = Release|Any CPU
		{E86645C0-FBB3-467F-ABA8-705401945FC2}.Debug|Any CPU.ActiveCfg = Debug|Any CPU
		{E86645C0-FBB3-467F-ABA8-705401945FC2}.Debug|Any CPU.Build.0 = Debug|Any CPU
		{E86645C0-FBB3-467F-ABA8-705401945FC2}.Release|Any CPU.ActiveCfg = Release|Any CPU
		{E86645C0-FBB3-467F-ABA8-705401945FC2}.Release|Any CPU.Build.0 = Release|Any CPU
		{665D529A-6E93-47DC-BB4F-ABCA844BBE5C}.Debug|Any CPU.ActiveCfg = Debug|Any CPU
		{665D529A-6E93-47DC-BB4F-ABCA844BBE5C}.Debug|Any CPU.Build.0 = Debug|Any CPU
		{665D529A-6E93-47DC-BB4F-ABCA844BBE5C}.Release|Any CPU.ActiveCfg = Release|Any CPU
		{665D529A-6E93-47DC-BB4F-ABCA844BBE5C}.Release|Any CPU.Build.0 = Release|Any CPU
		{59551E5F-774E-429C-BD39-75FF3A664B9F}.Debug|Any CPU.ActiveCfg = Debug|Any CPU
		{59551E5F-774E-429C-BD39-75FF3A664B9F}.Debug|Any CPU.Build.0 = Debug|Any CPU
		{59551E5F-774E-429C-BD39-75FF3A664B9F}.Release|Any CPU.ActiveCfg = Release|Any CPU
		{59551E5F-774E-429C-BD39-75FF3A664B9F}.Release|Any CPU.Build.0 = Release|Any CPU
		{6D7A3DD8-7834-4C3F-BFFF-1A00A6F4A777}.Debug|Any CPU.ActiveCfg = Debug|Any CPU
		{6D7A3DD8-7834-4C3F-BFFF-1A00A6F4A777}.Debug|Any CPU.Build.0 = Debug|Any CPU
		{6D7A3DD8-7834-4C3F-BFFF-1A00A6F4A777}.Release|Any CPU.ActiveCfg = Release|Any CPU
		{6D7A3DD8-7834-4C3F-BFFF-1A00A6F4A777}.Release|Any CPU.Build.0 = Release|Any CPU
		{EB8DEC7D-22E8-47ED-A650-D000C000C861}.Debug|Any CPU.ActiveCfg = Debug|Any CPU
		{EB8DEC7D-22E8-47ED-A650-D000C000C861}.Debug|Any CPU.Build.0 = Debug|Any CPU
		{EB8DEC7D-22E8-47ED-A650-D000C000C861}.Release|Any CPU.ActiveCfg = Release|Any CPU
		{EB8DEC7D-22E8-47ED-A650-D000C000C861}.Release|Any CPU.Build.0 = Release|Any CPU
	EndGlobalSection
	GlobalSection(SolutionProperties) = preSolution
		HideSolutionNode = FALSE
	EndGlobalSection
	GlobalSection(NestedProjects) = preSolution
		{4853FFDA-B364-47B2-A71C-02382054742D} = {0E8B5053-3D82-4244-8C94-10422BB1BCE1}
		{A0EAC4C4-DA8F-408A-9767-DB9E11CAAF57} = {0E8B5053-3D82-4244-8C94-10422BB1BCE1}
		{536E2E28-2AA1-41BE-B4A9-38C48D97DEA1} = {0E8B5053-3D82-4244-8C94-10422BB1BCE1}
		{9DAB4170-901F-4A5B-A516-8C18401C2932} = {1F486586-6D12-47BE-ADC2-97D91F34B3C8}
		{10B1EC90-463F-4A5A-97DE-21607A8ACC0C} = {1F486586-6D12-47BE-ADC2-97D91F34B3C8}
		{C46880E8-F832-4D2B-AF3B-9E7F48DC8F3A} = {1F486586-6D12-47BE-ADC2-97D91F34B3C8}
		{613C48EC-2EF9-45FF-935A-F62AD9A5586B} = {DA11D399-855B-48D0-AD17-A80610DBF93B}
		{CEA94A10-1E48-40A1-A1E1-D8B7D0064475} = {DA11D399-855B-48D0-AD17-A80610DBF93B}
		{B394F838-D083-446D-B0C0-658AB0F7E745} = {DA11D399-855B-48D0-AD17-A80610DBF93B}
		{E32054A8-32C7-4E4D-823E-8E592C7869C7} = {2193C2B0-3D53-40AA-A3A9-9F0F62207C85}
		{0112E097-1F04-4AD1-B6BE-415F22200971} = {2193C2B0-3D53-40AA-A3A9-9F0F62207C85}
		{DB1E5036-E972-4C83-9D42-D4EDEA2597F8} = {2193C2B0-3D53-40AA-A3A9-9F0F62207C85}
		{30C3DE76-45FD-463C-B607-F34CAC202993} = {E7767FCF-84FF-4273-A1A7-25063841DFF0}
		{E86645C0-FBB3-467F-ABA8-705401945FC2} = {E7767FCF-84FF-4273-A1A7-25063841DFF0}
		{665D529A-6E93-47DC-BB4F-ABCA844BBE5C} = {E7767FCF-84FF-4273-A1A7-25063841DFF0}
		{59551E5F-774E-429C-BD39-75FF3A664B9F} = {47C9D3E3-95E3-4C9A-B419-F0534CAB2B17}
		{6D7A3DD8-7834-4C3F-BFFF-1A00A6F4A777} = {47C9D3E3-95E3-4C9A-B419-F0534CAB2B17}
		{EB8DEC7D-22E8-47ED-A650-D000C000C861} = {47C9D3E3-95E3-4C9A-B419-F0534CAB2B17}
	EndGlobalSection
	GlobalSection(ExtensibilityGlobals) = postSolution
		SolutionGuid = {54896E4F-4B8F-41B9-8CD4-C824F4536093}
	EndGlobalSection
EndGlobal
